
Microsoft Visual Studio Solution File, Format Version 12.00
# Visual Studio Version 17
VisualStudioVersion = 17.8.34408.163
MinimumVisualStudioVersion = 10.0.40219.1
Project("{FAE04EC0-301F-11D3-BF4B-00C04F79EFBC}") = "ConsoleApp1", "ConsoleApp1\ConsoleApp1.csproj", "{57F57928-DA90-43B1-997D-D3B8713B774C}"
EndProject
Global
	GlobalSection(SolutionConfigurationPlatforms) = preSolution
		Debug|Any CPU = Debug|Any CPU
		Release|Any CPU = Release|Any CPU
	EndGlobalSection
	GlobalSection(ProjectConfigurationPlatforms) = postSolution
		{57F57928-DA90-43B1-997D-D3B8713B774C}.Debug|Any CPU.ActiveCfg = Debug|Any CPU
		{57F57928-DA90-43B1-997D-D3B8713B774C}.Debug|Any CPU.Build.0 = Debug|Any CPU
		{57F57928-DA90-43B1-997D-D3B8713B774C}.Release|Any CPU.ActiveCfg = Release|Any CPU
		{57F57928-DA90-43B1-997D-D3B8713B774C}.Release|Any CPU.Build.0 = Release|Any CPU
	EndGlobalSection
	GlobalSection(SolutionProperties) = preSolution
		HideSolutionNode = FALSE
	EndGlobalSection
	GlobalSection(ExtensibilityGlobals) = postSolution
		SolutionGuid = {805CD2A9-0DD9-4206-8C79-EA4FEBC1A4F0}
	EndGlobalSection
EndGlobal
